
Microsoft Visual Studio Solution File, Format Version 12.00
# Visual Studio 15
VisualStudioVersion = 15.0.27004.2002
MinimumVisualStudioVersion = 10.0.40219.1
Project("{FAE04EC0-301F-11D3-BF4B-00C04F79EFBC}") = "PracticaRepositorio", "PracticaRepositorio\PracticaRepositorio.csproj", "{A9ED7873-F532-4199-91AF-3B2C38754862}"
EndProject
Global
	GlobalSection(SolutionConfigurationPlatforms) = preSolution
		Debug|Any CPU = Debug|Any CPU
		Release|Any CPU = Release|Any CPU
	EndGlobalSection
	GlobalSection(ProjectConfigurationPlatforms) = postSolution
		{A9ED7873-F532-4199-91AF-3B2C38754862}.Debug|Any CPU.ActiveCfg = Debug|Any CPU
		{A9ED7873-F532-4199-91AF-3B2C38754862}.Debug|Any CPU.Build.0 = Debug|Any CPU
		{A9ED7873-F532-4199-91AF-3B2C38754862}.Release|Any CPU.ActiveCfg = Release|Any CPU
		{A9ED7873-F532-4199-91AF-3B2C38754862}.Release|Any CPU.Build.0 = Release|Any CPU
	EndGlobalSection
	GlobalSection(SolutionProperties) = preSolution
		HideSolutionNode = FALSE
	EndGlobalSection
	GlobalSection(ExtensibilityGlobals) = postSolution
		SolutionGuid = {069E2AF7-8CE6-4988-B11F-B7432E02EBA6}
	EndGlobalSection
EndGlobal
